
Microsoft Visual Studio Solution File, Format Version 12.00
# Visual Studio 15
VisualStudioVersion = 15.0.28307.2092
MinimumVisualStudioVersion = 10.0.40219.1
Project("{8BC9CEB8-8B4A-11D0-8D11-00A0C91BC942}") = "hw4_p04", "hw4_p04.vcxproj", "{DE0A0E26-35F9-40EB-950B-BA0EFCA93197}"
EndProject
Global
	GlobalSection(SolutionConfigurationPlatforms) = preSolution
		Debug|x64 = Debug|x64
		Debug|x86 = Debug|x86
		Release|x64 = Release|x64
		Release|x86 = Release|x86
	EndGlobalSection
	GlobalSection(ProjectConfigurationPlatforms) = postSolution
		{DE0A0E26-35F9-40EB-950B-BA0EFCA93197}.Debug|x64.ActiveCfg = Debug|x64
		{DE0A0E26-35F9-40EB-950B-BA0EFCA93197}.Debug|x64.Build.0 = Debug|x64
		{DE0A0E26-35F9-40EB-950B-BA0EFCA93197}.Debug|x86.ActiveCfg = Debug|Win32
		{DE0A0E26-35F9-40EB-950B-BA0EFCA93197}.Debug|x86.Build.0 = Debug|Win32
		{DE0A0E26-35F9-40EB-950B-BA0EFCA93197}.Release|x64.ActiveCfg = Release|x64
		{DE0A0E26-35F9-40EB-950B-BA0EFCA93197}.Release|x64.Build.0 = Release|x64
		{DE0A0E26-35F9-40EB-950B-BA0EFCA93197}.Release|x86.ActiveCfg = Release|Win32
		{DE0A0E26-35F9-40EB-950B-BA0EFCA93197}.Release|x86.Build.0 = Release|Win32
	EndGlobalSection
	GlobalSection(SolutionProperties) = preSolution
		HideSolutionNode = FALSE
	EndGlobalSection
	GlobalSection(ExtensibilityGlobals) = postSolution
		SolutionGuid = {204751E7-81D6-42DF-A2F1-430DF2D359A7}
	EndGlobalSection
EndGlobal
